
Microsoft Visual Studio Solution File, Format Version 12.00
# Visual Studio Version 16
VisualStudioVersion = 16.0.30114.105
MinimumVisualStudioVersion = 10.0.40219.1
Project("{FAE04EC0-301F-11D3-BF4B-00C04F79EFBC}") = "DocNET", "DocNET.csproj", "{D88B6D42-0D91-4E41-86E2-C961497727EA}"
EndProject
Project("{2150E333-8FDC-42A3-9474-1A3956D46DE8}") = "Templates", "Templates", "{D06282C5-5EE0-4536-A10D-58CA865E4E59}"
EndProject
Project("{FAE04EC0-301F-11D3-BF4B-00C04F79EFBC}") = "DocNET.HTML.Template", "Templates\HTML\DocNET.HTML.Template.csproj", "{5E5EEEE5-8E97-48CB-8D87-88C3A3A45E3A}"
EndProject
Project("{FAE04EC0-301F-11D3-BF4B-00C04F79EFBC}") = "DocNET.Godot.Template", "Templates\Godot\DocNET.Godot.Template.csproj", "{8871507E-3DBF-4160-83B0-1F6C7C409ADC}"
EndProject
Global
	GlobalSection(SolutionProperties) = preSolution
		HideSolutionNode = FALSE
	EndGlobalSection
	GlobalSection(SolutionConfigurationPlatforms) = preSolution
		Debug|Any CPU = Debug|Any CPU
		Debug|x64 = Debug|x64
		Debug|x86 = Debug|x86
		Release|Any CPU = Release|Any CPU
		Release|x64 = Release|x64
		Release|x86 = Release|x86
	EndGlobalSection
	GlobalSection(ProjectConfigurationPlatforms) = postSolution
		{D88B6D42-0D91-4E41-86E2-C961497727EA}.Debug|Any CPU.ActiveCfg = Debug|Any CPU
		{D88B6D42-0D91-4E41-86E2-C961497727EA}.Debug|Any CPU.Build.0 = Debug|Any CPU
		{D88B6D42-0D91-4E41-86E2-C961497727EA}.Debug|x64.ActiveCfg = Debug|Any CPU
		{D88B6D42-0D91-4E41-86E2-C961497727EA}.Debug|x64.Build.0 = Debug|Any CPU
		{D88B6D42-0D91-4E41-86E2-C961497727EA}.Debug|x86.ActiveCfg = Debug|Any CPU
		{D88B6D42-0D91-4E41-86E2-C961497727EA}.Debug|x86.Build.0 = Debug|Any CPU
		{D88B6D42-0D91-4E41-86E2-C961497727EA}.Release|Any CPU.ActiveCfg = Release|Any CPU
		{D88B6D42-0D91-4E41-86E2-C961497727EA}.Release|Any CPU.Build.0 = Release|Any CPU
		{D88B6D42-0D91-4E41-86E2-C961497727EA}.Release|x64.ActiveCfg = Release|Any CPU
		{D88B6D42-0D91-4E41-86E2-C961497727EA}.Release|x64.Build.0 = Release|Any CPU
		{D88B6D42-0D91-4E41-86E2-C961497727EA}.Release|x86.ActiveCfg = Release|Any CPU
		{D88B6D42-0D91-4E41-86E2-C961497727EA}.Release|x86.Build.0 = Release|Any CPU
		{5E5EEEE5-8E97-48CB-8D87-88C3A3A45E3A}.Debug|Any CPU.ActiveCfg = Debug|Any CPU
		{5E5EEEE5-8E97-48CB-8D87-88C3A3A45E3A}.Debug|Any CPU.Build.0 = Debug|Any CPU
		{5E5EEEE5-8E97-48CB-8D87-88C3A3A45E3A}.Debug|x64.ActiveCfg = Debug|Any CPU
		{5E5EEEE5-8E97-48CB-8D87-88C3A3A45E3A}.Debug|x64.Build.0 = Debug|Any CPU
		{5E5EEEE5-8E97-48CB-8D87-88C3A3A45E3A}.Debug|x86.ActiveCfg = Debug|Any CPU
		{5E5EEEE5-8E97-48CB-8D87-88C3A3A45E3A}.Debug|x86.Build.0 = Debug|Any CPU
		{5E5EEEE5-8E97-48CB-8D87-88C3A3A45E3A}.Release|Any CPU.ActiveCfg = Release|Any CPU
		{5E5EEEE5-8E97-48CB-8D87-88C3A3A45E3A}.Release|Any CPU.Build.0 = Release|Any CPU
		{5E5EEEE5-8E97-48CB-8D87-88C3A3A45E3A}.Release|x64.ActiveCfg = Release|Any CPU
		{5E5EEEE5-8E97-48CB-8D87-88C3A3A45E3A}.Release|x64.Build.0 = Release|Any CPU
		{5E5EEEE5-8E97-48CB-8D87-88C3A3A45E3A}.Release|x86.ActiveCfg = Release|Any CPU
		{5E5EEEE5-8E97-48CB-8D87-88C3A3A45E3A}.Release|x86.Build.0 = Release|Any CPU
		{8871507E-3DBF-4160-83B0-1F6C7C409ADC}.Debug|Any CPU.ActiveCfg = Debug|Any CPU
		{8871507E-3DBF-4160-83B0-1F6C7C409ADC}.Debug|Any CPU.Build.0 = Debug|Any CPU
		{8871507E-3DBF-4160-83B0-1F6C7C409ADC}.Debug|x64.ActiveCfg = Debug|Any CPU
		{8871507E-3DBF-4160-83B0-1F6C7C409ADC}.Debug|x64.Build.0 = Debug|Any CPU
		{8871507E-3DBF-4160-83B0-1F6C7C409ADC}.Debug|x86.ActiveCfg = Debug|Any CPU
		{8871507E-3DBF-4160-83B0-1F6C7C409ADC}.Debug|x86.Build.0 = Debug|Any CPU
		{8871507E-3DBF-4160-83B0-1F6C7C409ADC}.Release|Any CPU.ActiveCfg = Release|Any CPU
		{8871507E-3DBF-4160-83B0-1F6C7C409ADC}.Release|Any CPU.Build.0 = Release|Any CPU
		{8871507E-3DBF-4160-83B0-1F6C7C409ADC}.Release|x64.ActiveCfg = Release|Any CPU
		{8871507E-3DBF-4160-83B0-1F6C7C409ADC}.Release|x64.Build.0 = Release|Any CPU
		{8871507E-3DBF-4160-83B0-1F6C7C409ADC}.Release|x86.ActiveCfg = Release|Any CPU
		{8871507E-3DBF-4160-83B0-1F6C7C409ADC}.Release|x86.Build.0 = Release|Any CPU
	EndGlobalSection
	GlobalSection(NestedProjects) = preSolution
		{5E5EEEE5-8E97-48CB-8D87-88C3A3A45E3A} = {D06282C5-5EE0-4536-A10D-58CA865E4E59}
		{8871507E-3DBF-4160-83B0-1F6C7C409ADC} = {D06282C5-5EE0-4536-A10D-58CA865E4E59}
	EndGlobalSection
EndGlobal
